
Microsoft Visual Studio Solution File, Format Version 12.00
# Visual Studio 15
VisualStudioVersion = 15.0.28307.757
MinimumVisualStudioVersion = 10.0.40219.1
Project("{FAE04EC0-301F-11D3-BF4B-00C04F79EFBC}") = "ModelsandModelBinding", "ModelsandModelBinding\ModelsandModelBinding.csproj", "{BAA68307-3D91-4D55-B36B-BE881811E096}"
EndProject
Global
	GlobalSection(SolutionConfigurationPlatforms) = preSolution
		Debug|Any CPU = Debug|Any CPU
		Release|Any CPU = Release|Any CPU
	EndGlobalSection
	GlobalSection(ProjectConfigurationPlatforms) = postSolution
		{BAA68307-3D91-4D55-B36B-BE881811E096}.Debug|Any CPU.ActiveCfg = Debug|Any CPU
		{BAA68307-3D91-4D55-B36B-BE881811E096}.Debug|Any CPU.Build.0 = Debug|Any CPU
		{BAA68307-3D91-4D55-B36B-BE881811E096}.Release|Any CPU.ActiveCfg = Release|Any CPU
		{BAA68307-3D91-4D55-B36B-BE881811E096}.Release|Any CPU.Build.0 = Release|Any CPU
	EndGlobalSection
	GlobalSection(SolutionProperties) = preSolution
		HideSolutionNode = FALSE
	EndGlobalSection
	GlobalSection(ExtensibilityGlobals) = postSolution
		SolutionGuid = {926A5D23-19D0-49F5-80FE-95EDD151AFAC}
	EndGlobalSection
EndGlobal
